
Microsoft Visual Studio Solution File, Format Version 12.00
# Visual Studio 14
VisualStudioVersion = 14.0.25420.1
MinimumVisualStudioVersion = 10.0.40219.1
Project("{FAE04EC0-301F-11D3-BF4B-00C04F79EFBC}") = "App2Night.Droid", "App2Night\App2Night.Droid\App2Night.Droid.csproj", "{681A85B0-A8C8-45CD-B4F8-045B6BD99F65}"
EndProject
Project("{FAE04EC0-301F-11D3-BF4B-00C04F79EFBC}") = "App2Night.iOS", "App2Night\App2Night.iOS\App2Night.iOS.csproj", "{26346B02-7686-4E17-9EFA-8407BA32B31D}"
EndProject
Project("{FAE04EC0-301F-11D3-BF4B-00C04F79EFBC}") = "App2Night.UWP", "App2Night\App2Night.UWP\App2Night.UWP.csproj", "{D3CADD65-40A1-4A73-A0E9-38EC8BE782DA}"
EndProject
Project("{FAE04EC0-301F-11D3-BF4B-00C04F79EFBC}") = "App2Night", "App2Night\App2Night\App2Night.csproj", "{82039704-FDA9-4BFF-A0ED-0FD841A1AB52}"
EndProject
Project("{FAE04EC0-301F-11D3-BF4B-00C04F79EFBC}") = "App2Night.Service", "App2Night.Service\App2Night.Service.csproj", "{CF6B0541-17AF-4FAA-BB46-6D6A715F725F}"
EndProject
Project("{FAE04EC0-301F-11D3-BF4B-00C04F79EFBC}") = "App2Night.Model", "App2Night.Model\App2Night.Model.csproj", "{2CB6E00C-B477-45A4-A455-8BE9A3B0AD49}"
EndProject
Global
	GlobalSection(SolutionConfigurationPlatforms) = preSolution
		Ad-Hoc|Any CPU = Ad-Hoc|Any CPU
		Ad-Hoc|ARM = Ad-Hoc|ARM
		Ad-Hoc|iPhone = Ad-Hoc|iPhone
		Ad-Hoc|iPhoneSimulator = Ad-Hoc|iPhoneSimulator
		Ad-Hoc|x64 = Ad-Hoc|x64
		Ad-Hoc|x86 = Ad-Hoc|x86
		AppStore|Any CPU = AppStore|Any CPU
		AppStore|ARM = AppStore|ARM
		AppStore|iPhone = AppStore|iPhone
		AppStore|iPhoneSimulator = AppStore|iPhoneSimulator
		AppStore|x64 = AppStore|x64
		AppStore|x86 = AppStore|x86
		Debug|Any CPU = Debug|Any CPU
		Debug|ARM = Debug|ARM
		Debug|iPhone = Debug|iPhone
		Debug|iPhoneSimulator = Debug|iPhoneSimulator
		Debug|x64 = Debug|x64
		Debug|x86 = Debug|x86
		Release|Any CPU = Release|Any CPU
		Release|ARM = Release|ARM
		Release|iPhone = Release|iPhone
		Release|iPhoneSimulator = Release|iPhoneSimulator
		Release|x64 = Release|x64
		Release|x86 = Release|x86
	EndGlobalSection
	GlobalSection(ProjectConfigurationPlatforms) = postSolution
		{681A85B0-A8C8-45CD-B4F8-045B6BD99F65}.Ad-Hoc|Any CPU.ActiveCfg = Release|Any CPU
		{681A85B0-A8C8-45CD-B4F8-045B6BD99F65}.Ad-Hoc|Any CPU.Build.0 = Release|Any CPU
		{681A85B0-A8C8-45CD-B4F8-045B6BD99F65}.Ad-Hoc|Any CPU.Deploy.0 = Release|Any CPU
		{681A85B0-A8C8-45CD-B4F8-045B6BD99F65}.Ad-Hoc|ARM.ActiveCfg = Release|Any CPU
		{681A85B0-A8C8-45CD-B4F8-045B6BD99F65}.Ad-Hoc|ARM.Build.0 = Release|Any CPU
		{681A85B0-A8C8-45CD-B4F8-045B6BD99F65}.Ad-Hoc|ARM.Deploy.0 = Release|Any CPU
		{681A85B0-A8C8-45CD-B4F8-045B6BD99F65}.Ad-Hoc|iPhone.ActiveCfg = Release|Any CPU
		{681A85B0-A8C8-45CD-B4F8-045B6BD99F65}.Ad-Hoc|iPhone.Build.0 = Release|Any CPU
		{681A85B0-A8C8-45CD-B4F8-045B6BD99F65}.Ad-Hoc|iPhone.Deploy.0 = Release|Any CPU
		{681A85B0-A8C8-45CD-B4F8-045B6BD99F65}.Ad-Hoc|iPhoneSimulator.ActiveCfg = Release|Any CPU
		{681A85B0-A8C8-45CD-B4F8-045B6BD99F65}.Ad-Hoc|iPhoneSimulator.Build.0 = Release|Any CPU
		{681A85B0-A8C8-45CD-B4F8-045B6BD99F65}.Ad-Hoc|iPhoneSimulator.Deploy.0 = Release|Any CPU
		{681A85B0-A8C8-45CD-B4F8-045B6BD99F65}.Ad-Hoc|x64.ActiveCfg = Release|Any CPU
		{681A85B0-A8C8-45CD-B4F8-045B6BD99F65}.Ad-Hoc|x64.Build.0 = Release|Any CPU
		{681A85B0-A8C8-45CD-B4F8-045B6BD99F65}.Ad-Hoc|x64.Deploy.0 = Release|Any CPU
		{681A85B0-A8C8-45CD-B4F8-045B6BD99F65}.Ad-Hoc|x86.ActiveCfg = Release|Any CPU
		{681A85B0-A8C8-45CD-B4F8-045B6BD99F65}.Ad-Hoc|x86.Build.0 = Release|Any CPU
		{681A85B0-A8C8-45CD-B4F8-045B6BD99F65}.Ad-Hoc|x86.Deploy.0 = Release|Any CPU
		{681A85B0-A8C8-45CD-B4F8-045B6BD99F65}.AppStore|Any CPU.ActiveCfg = Release|Any CPU
		{681A85B0-A8C8-45CD-B4F8-045B6BD99F65}.AppStore|Any CPU.Build.0 = Release|Any CPU
		{681A85B0-A8C8-45CD-B4F8-045B6BD99F65}.AppStore|Any CPU.Deploy.0 = Release|Any CPU
		{681A85B0-A8C8-45CD-B4F8-045B6BD99F65}.AppStore|ARM.ActiveCfg = Release|Any CPU
		{681A85B0-A8C8-45CD-B4F8-045B6BD99F65}.AppStore|ARM.Build.0 = Release|Any CPU
		{681A85B0-A8C8-45CD-B4F8-045B6BD99F65}.AppStore|ARM.Deploy.0 = Release|Any CPU
		{681A85B0-A8C8-45CD-B4F8-045B6BD99F65}.AppStore|iPhone.ActiveCfg = Release|Any CPU
		{681A85B0-A8C8-45CD-B4F8-045B6BD99F65}.AppStore|iPhone.Build.0 = Release|Any CPU
		{681A85B0-A8C8-45CD-B4F8-045B6BD99F65}.AppStore|iPhone.Deploy.0 = Release|Any CPU
		{681A85B0-A8C8-45CD-B4F8-045B6BD99F65}.AppStore|iPhoneSimulator.ActiveCfg = Release|Any CPU
		{681A85B0-A8C8-45CD-B4F8-045B6BD99F65}.AppStore|iPhoneSimulator.Build.0 = Release|Any CPU
		{681A85B0-A8C8-45CD-B4F8-045B6BD99F65}.AppStore|iPhoneSimulator.Deploy.0 = Release|Any CPU
		{681A85B0-A8C8-45CD-B4F8-045B6BD99F65}.AppStore|x64.ActiveCfg = Release|Any CPU
		{681A85B0-A8C8-45CD-B4F8-045B6BD99F65}.AppStore|x64.Build.0 = Release|Any CPU
		{681A85B0-A8C8-45CD-B4F8-045B6BD99F65}.AppStore|x64.Deploy.0 = Release|Any CPU
		{681A85B0-A8C8-45CD-B4F8-045B6BD99F65}.AppStore|x86.ActiveCfg = Release|Any CPU
		{681A85B0-A8C8-45CD-B4F8-045B6BD99F65}.AppStore|x86.Build.0 = Release|Any CPU
		{681A85B0-A8C8-45CD-B4F8-045B6BD99F65}.AppStore|x86.Deploy.0 = Release|Any CPU
		{681A85B0-A8C8-45CD-B4F8-045B6BD99F65}.Debug|Any CPU.ActiveCfg = Debug|Any CPU
		{681A85B0-A8C8-45CD-B4F8-045B6BD99F65}.Debug|Any CPU.Build.0 = Debug|Any CPU
		{681A85B0-A8C8-45CD-B4F8-045B6BD99F65}.Debug|Any CPU.Deploy.0 = Debug|Any CPU
		{681A85B0-A8C8-45CD-B4F8-045B6BD99F65}.Debug|ARM.ActiveCfg = Debug|Any CPU
		{681A85B0-A8C8-45CD-B4F8-045B6BD99F65}.Debug|ARM.Build.0 = Debug|Any CPU
		{681A85B0-A8C8-45CD-B4F8-045B6BD99F65}.Debug|ARM.Deploy.0 = Debug|Any CPU
		{681A85B0-A8C8-45CD-B4F8-045B6BD99F65}.Debug|iPhone.ActiveCfg = Debug|Any CPU
		{681A85B0-A8C8-45CD-B4F8-045B6BD99F65}.Debug|iPhone.Build.0 = Debug|Any CPU
		{681A85B0-A8C8-45CD-B4F8-045B6BD99F65}.Debug|iPhone.Deploy.0 = Debug|Any CPU
		{681A85B0-A8C8-45CD-B4F8-045B6BD99F65}.Debug|iPhoneSimulator.ActiveCfg = Debug|Any CPU
		{681A85B0-A8C8-45CD-B4F8-045B6BD99F65}.Debug|iPhoneSimulator.Build.0 = Debug|Any CPU
		{681A85B0-A8C8-45CD-B4F8-045B6BD99F65}.Debug|iPhoneSimulator.Deploy.0 = Debug|Any CPU
		{681A85B0-A8C8-45CD-B4F8-045B6BD99F65}.Debug|x64.ActiveCfg = Debug|Any CPU
		{681A85B0-A8C8-45CD-B4F8-045B6BD99F65}.Debug|x64.Build.0 = Debug|Any CPU
		{681A85B0-A8C8-45CD-B4F8-045B6BD99F65}.Debug|x64.Deploy.0 = Debug|Any CPU
		{681A85B0-A8C8-45CD-B4F8-045B6BD99F65}.Debug|x86.ActiveCfg = Debug|Any CPU
		{681A85B0-A8C8-45CD-B4F8-045B6BD99F65}.Debug|x86.Build.0 = Debug|Any CPU
		{681A85B0-A8C8-45CD-B4F8-045B6BD99F65}.Debug|x86.Deploy.0 = Debug|Any CPU
		{681A85B0-A8C8-45CD-B4F8-045B6BD99F65}.Release|Any CPU.ActiveCfg = Release|Any CPU
		{681A85B0-A8C8-45CD-B4F8-045B6BD99F65}.Release|Any CPU.Build.0 = Release|Any CPU
		{681A85B0-A8C8-45CD-B4F8-045B6BD99F65}.Release|Any CPU.Deploy.0 = Release|Any CPU
		{681A85B0-A8C8-45CD-B4F8-045B6BD99F65}.Release|ARM.ActiveCfg = Release|Any CPU
		{681A85B0-A8C8-45CD-B4F8-045B6BD99F65}.Release|ARM.Build.0 = Release|Any CPU
		{681A85B0-A8C8-45CD-B4F8-045B6BD99F65}.Release|ARM.Deploy.0 = Release|Any CPU
		{681A85B0-A8C8-45CD-B4F8-045B6BD99F65}.Release|iPhone.ActiveCfg = Release|Any CPU
		{681A85B0-A8C8-45CD-B4F8-045B6BD99F65}.Release|iPhone.Build.0 = Release|Any CPU
		{681A85B0-A8C8-45CD-B4F8-045B6BD99F65}.Release|iPhone.Deploy.0 = Release|Any CPU
		{681A85B0-A8C8-45CD-B4F8-045B6BD99F65}.Release|iPhoneSimulator.ActiveCfg = Release|Any CPU
		{681A85B0-A8C8-45CD-B4F8-045B6BD99F65}.Release|iPhoneSimulator.Build.0 = Release|Any CPU
		{681A85B0-A8C8-45CD-B4F8-045B6BD99F65}.Release|iPhoneSimulator.Deploy.0 = Release|Any CPU
		{681A85B0-A8C8-45CD-B4F8-045B6BD99F65}.Release|x64.ActiveCfg = Release|Any CPU
		{681A85B0-A8C8-45CD-B4F8-045B6BD99F65}.Release|x64.Build.0 = Release|Any CPU
		{681A85B0-A8C8-45CD-B4F8-045B6BD99F65}.Release|x64.Deploy.0 = Release|Any CPU
		{681A85B0-A8C8-45CD-B4F8-045B6BD99F65}.Release|x86.ActiveCfg = Release|Any CPU
		{681A85B0-A8C8-45CD-B4F8-045B6BD99F65}.Release|x86.Build.0 = Release|Any CPU
		{681A85B0-A8C8-45CD-B4F8-045B6BD99F65}.Release|x86.Deploy.0 = Release|Any CPU
		{26346B02-7686-4E17-9EFA-8407BA32B31D}.Ad-Hoc|Any CPU.ActiveCfg = Ad-Hoc|iPhone
		{26346B02-7686-4E17-9EFA-8407BA32B31D}.Ad-Hoc|ARM.ActiveCfg = Ad-Hoc|iPhone
		{26346B02-7686-4E17-9EFA-8407BA32B31D}.Ad-Hoc|iPhone.ActiveCfg = Ad-Hoc|iPhone
		{26346B02-7686-4E17-9EFA-8407BA32B31D}.Ad-Hoc|iPhone.Build.0 = Ad-Hoc|iPhone
		{26346B02-7686-4E17-9EFA-8407BA32B31D}.Ad-Hoc|iPhoneSimulator.ActiveCfg = Ad-Hoc|iPhoneSimulator
		{26346B02-7686-4E17-9EFA-8407BA32B31D}.Ad-Hoc|iPhoneSimulator.Build.0 = Ad-Hoc|iPhoneSimulator
		{26346B02-7686-4E17-9EFA-8407BA32B31D}.Ad-Hoc|x64.ActiveCfg = Ad-Hoc|iPhone
		{26346B02-7686-4E17-9EFA-8407BA32B31D}.Ad-Hoc|x86.ActiveCfg = Ad-Hoc|iPhone
		{26346B02-7686-4E17-9EFA-8407BA32B31D}.AppStore|Any CPU.ActiveCfg = AppStore|iPhone
		{26346B02-7686-4E17-9EFA-8407BA32B31D}.AppStore|ARM.ActiveCfg = AppStore|iPhone
		{26346B02-7686-4E17-9EFA-8407BA32B31D}.AppStore|iPhone.ActiveCfg = AppStore|iPhone
		{26346B02-7686-4E17-9EFA-8407BA32B31D}.AppStore|iPhone.Build.0 = AppStore|iPhone
		{26346B02-7686-4E17-9EFA-8407BA32B31D}.AppStore|iPhoneSimulator.ActiveCfg = AppStore|iPhoneSimulator
		{26346B02-7686-4E17-9EFA-8407BA32B31D}.AppStore|iPhoneSimulator.Build.0 = AppStore|iPhoneSimulator
		{26346B02-7686-4E17-9EFA-8407BA32B31D}.AppStore|x64.ActiveCfg = AppStore|iPhone
		{26346B02-7686-4E17-9EFA-8407BA32B31D}.AppStore|x86.ActiveCfg = AppStore|iPhone
		{26346B02-7686-4E17-9EFA-8407BA32B31D}.Debug|Any CPU.ActiveCfg = Debug|iPhone
		{26346B02-7686-4E17-9EFA-8407BA32B31D}.Debug|ARM.ActiveCfg = Debug|iPhone
		{26346B02-7686-4E17-9EFA-8407BA32B31D}.Debug|iPhone.ActiveCfg = Debug|iPhone
		{26346B02-7686-4E17-9EFA-8407BA32B31D}.Debug|iPhone.Build.0 = Debug|iPhone
		{26346B02-7686-4E17-9EFA-8407BA32B31D}.Debug|iPhoneSimulator.ActiveCfg = Debug|iPhoneSimulator
		{26346B02-7686-4E17-9EFA-8407BA32B31D}.Debug|iPhoneSimulator.Build.0 = Debug|iPhoneSimulator
		{26346B02-7686-4E17-9EFA-8407BA32B31D}.Debug|x64.ActiveCfg = Debug|iPhone
		{26346B02-7686-4E17-9EFA-8407BA32B31D}.Debug|x86.ActiveCfg = Debug|iPhone
		{26346B02-7686-4E17-9EFA-8407BA32B31D}.Release|Any CPU.ActiveCfg = Release|iPhone
		{26346B02-7686-4E17-9EFA-8407BA32B31D}.Release|ARM.ActiveCfg = Release|iPhone
		{26346B02-7686-4E17-9EFA-8407BA32B31D}.Release|iPhone.ActiveCfg = Release|iPhone
		{26346B02-7686-4E17-9EFA-8407BA32B31D}.Release|iPhone.Build.0 = Release|iPhone
		{26346B02-7686-4E17-9EFA-8407BA32B31D}.Release|iPhoneSimulator.ActiveCfg = Release|iPhoneSimulator
		{26346B02-7686-4E17-9EFA-8407BA32B31D}.Release|iPhoneSimulator.Build.0 = Release|iPhoneSimulator
		{26346B02-7686-4E17-9EFA-8407BA32B31D}.Release|x64.ActiveCfg = Release|iPhone
		{26346B02-7686-4E17-9EFA-8407BA32B31D}.Release|x86.ActiveCfg = Release|iPhone
		{D3CADD65-40A1-4A73-A0E9-38EC8BE782DA}.Ad-Hoc|Any CPU.ActiveCfg = Release|x86
		{D3CADD65-40A1-4A73-A0E9-38EC8BE782DA}.Ad-Hoc|Any CPU.Build.0 = Release|x86
		{D3CADD65-40A1-4A73-A0E9-38EC8BE782DA}.Ad-Hoc|Any CPU.Deploy.0 = Release|x86
		{D3CADD65-40A1-4A73-A0E9-38EC8BE782DA}.Ad-Hoc|ARM.ActiveCfg = Release|ARM
		{D3CADD65-40A1-4A73-A0E9-38EC8BE782DA}.Ad-Hoc|ARM.Build.0 = Release|ARM
		{D3CADD65-40A1-4A73-A0E9-38EC8BE782DA}.Ad-Hoc|ARM.Deploy.0 = Release|ARM
		{D3CADD65-40A1-4A73-A0E9-38EC8BE782DA}.Ad-Hoc|iPhone.ActiveCfg = Release|x86
		{D3CADD65-40A1-4A73-A0E9-38EC8BE782DA}.Ad-Hoc|iPhone.Build.0 = Release|x86
		{D3CADD65-40A1-4A73-A0E9-38EC8BE782DA}.Ad-Hoc|iPhone.Deploy.0 = Release|x86
		{D3CADD65-40A1-4A73-A0E9-38EC8BE782DA}.Ad-Hoc|iPhoneSimulator.ActiveCfg = Release|x86
		{D3CADD65-40A1-4A73-A0E9-38EC8BE782DA}.Ad-Hoc|iPhoneSimulator.Build.0 = Release|x86
		{D3CADD65-40A1-4A73-A0E9-38EC8BE782DA}.Ad-Hoc|iPhoneSimulator.Deploy.0 = Release|x86
		{D3CADD65-40A1-4A73-A0E9-38EC8BE782DA}.Ad-Hoc|x64.ActiveCfg = Release|x64
		{D3CADD65-40A1-4A73-A0E9-38EC8BE782DA}.Ad-Hoc|x64.Build.0 = Release|x64
		{D3CADD65-40A1-4A73-A0E9-38EC8BE782DA}.Ad-Hoc|x64.Deploy.0 = Release|x64
		{D3CADD65-40A1-4A73-A0E9-38EC8BE782DA}.Ad-Hoc|x86.ActiveCfg = Release|x86
		{D3CADD65-40A1-4A73-A0E9-38EC8BE782DA}.Ad-Hoc|x86.Build.0 = Release|x86
		{D3CADD65-40A1-4A73-A0E9-38EC8BE782DA}.Ad-Hoc|x86.Deploy.0 = Release|x86
		{D3CADD65-40A1-4A73-A0E9-38EC8BE782DA}.AppStore|Any CPU.ActiveCfg = Release|x86
		{D3CADD65-40A1-4A73-A0E9-38EC8BE782DA}.AppStore|Any CPU.Build.0 = Release|x86
		{D3CADD65-40A1-4A73-A0E9-38EC8BE782DA}.AppStore|Any CPU.Deploy.0 = Release|x86
		{D3CADD65-40A1-4A73-A0E9-38EC8BE782DA}.AppStore|ARM.ActiveCfg = Release|ARM
		{D3CADD65-40A1-4A73-A0E9-38EC8BE782DA}.AppStore|ARM.Build.0 = Release|ARM
		{D3CADD65-40A1-4A73-A0E9-38EC8BE782DA}.AppStore|ARM.Deploy.0 = Release|ARM
		{D3CADD65-40A1-4A73-A0E9-38EC8BE782DA}.AppStore|iPhone.ActiveCfg = Release|x86
		{D3CADD65-40A1-4A73-A0E9-38EC8BE782DA}.AppStore|iPhone.Build.0 = Release|x86
		{D3CADD65-40A1-4A73-A0E9-38EC8BE782DA}.AppStore|iPhone.Deploy.0 = Release|x86
		{D3CADD65-40A1-4A73-A0E9-38EC8BE782DA}.AppStore|iPhoneSimulator.ActiveCfg = Release|x86
		{D3CADD65-40A1-4A73-A0E9-38EC8BE782DA}.AppStore|iPhoneSimulator.Build.0 = Release|x86
		{D3CADD65-40A1-4A73-A0E9-38EC8BE782DA}.AppStore|iPhoneSimulator.Deploy.0 = Release|x86
		{D3CADD65-40A1-4A73-A0E9-38EC8BE782DA}.AppStore|x64.ActiveCfg = Release|x64
		{D3CADD65-40A1-4A73-A0E9-38EC8BE782DA}.AppStore|x64.Build.0 = Release|x64
		{D3CADD65-40A1-4A73-A0E9-38EC8BE782DA}.AppStore|x64.Deploy.0 = Release|x64
		{D3CADD65-40A1-4A73-A0E9-38EC8BE782DA}.AppStore|x86.ActiveCfg = Release|x86
		{D3CADD65-40A1-4A73-A0E9-38EC8BE782DA}.AppStore|x86.Build.0 = Release|x86
		{D3CADD65-40A1-4A73-A0E9-38EC8BE782DA}.AppStore|x86.Deploy.0 = Release|x86
		{D3CADD65-40A1-4A73-A0E9-38EC8BE782DA}.Debug|Any CPU.ActiveCfg = Debug|x86
		{D3CADD65-40A1-4A73-A0E9-38EC8BE782DA}.Debug|Any CPU.Build.0 = Debug|x86
		{D3CADD65-40A1-4A73-A0E9-38EC8BE782DA}.Debug|Any CPU.Deploy.0 = Debug|x86
		{D3CADD65-40A1-4A73-A0E9-38EC8BE782DA}.Debug|ARM.ActiveCfg = Debug|ARM
		{D3CADD65-40A1-4A73-A0E9-38EC8BE782DA}.Debug|ARM.Build.0 = Debug|ARM
		{D3CADD65-40A1-4A73-A0E9-38EC8BE782DA}.Debug|ARM.Deploy.0 = Debug|ARM
		{D3CADD65-40A1-4A73-A0E9-38EC8BE782DA}.Debug|iPhone.ActiveCfg = Debug|x86
		{D3CADD65-40A1-4A73-A0E9-38EC8BE782DA}.Debug|iPhone.Build.0 = Debug|x86
		{D3CADD65-40A1-4A73-A0E9-38EC8BE782DA}.Debug|iPhone.Deploy.0 = Debug|x86
		{D3CADD65-40A1-4A73-A0E9-38EC8BE782DA}.Debug|iPhoneSimulator.ActiveCfg = Debug|x86
		{D3CADD65-40A1-4A73-A0E9-38EC8BE782DA}.Debug|x64.ActiveCfg = Debug|x64
		{D3CADD65-40A1-4A73-A0E9-38EC8BE782DA}.Debug|x64.Build.0 = Debug|x64
		{D3CADD65-40A1-4A73-A0E9-38EC8BE782DA}.Debug|x64.Deploy.0 = Debug|x64
		{D3CADD65-40A1-4A73-A0E9-38EC8BE782DA}.Debug|x86.ActiveCfg = Debug|x86
		{D3CADD65-40A1-4A73-A0E9-38EC8BE782DA}.Debug|x86.Build.0 = Debug|x86
		{D3CADD65-40A1-4A73-A0E9-38EC8BE782DA}.Debug|x86.Deploy.0 = Debug|x86
		{D3CADD65-40A1-4A73-A0E9-38EC8BE782DA}.Release|Any CPU.ActiveCfg = Release|x86
		{D3CADD65-40A1-4A73-A0E9-38EC8BE782DA}.Release|Any CPU.Build.0 = Release|x86
		{D3CADD65-40A1-4A73-A0E9-38EC8BE782DA}.Release|Any CPU.Deploy.0 = Release|x86
		{D3CADD65-40A1-4A73-A0E9-38EC8BE782DA}.Release|ARM.ActiveCfg = Release|ARM
		{D3CADD65-40A1-4A73-A0E9-38EC8BE782DA}.Release|ARM.Build.0 = Release|ARM
		{D3CADD65-40A1-4A73-A0E9-38EC8BE782DA}.Release|ARM.Deploy.0 = Release|ARM
		{D3CADD65-40A1-4A73-A0E9-38EC8BE782DA}.Release|iPhone.ActiveCfg = Release|x86
		{D3CADD65-40A1-4A73-A0E9-38EC8BE782DA}.Release|iPhoneSimulator.ActiveCfg = Release|x86
		{D3CADD65-40A1-4A73-A0E9-38EC8BE782DA}.Release|x64.ActiveCfg = Release|x64
		{D3CADD65-40A1-4A73-A0E9-38EC8BE782DA}.Release|x64.Build.0 = Release|x64
		{D3CADD65-40A1-4A73-A0E9-38EC8BE782DA}.Release|x64.Deploy.0 = Release|x64
		{D3CADD65-40A1-4A73-A0E9-38EC8BE782DA}.Release|x86.ActiveCfg = Release|x86
		{D3CADD65-40A1-4A73-A0E9-38EC8BE782DA}.Release|x86.Build.0 = Release|x86
		{D3CADD65-40A1-4A73-A0E9-38EC8BE782DA}.Release|x86.Deploy.0 = Release|x86
		{82039704-FDA9-4BFF-A0ED-0FD841A1AB52}.Ad-Hoc|Any CPU.ActiveCfg = Release|Any CPU
		{82039704-FDA9-4BFF-A0ED-0FD841A1AB52}.Ad-Hoc|Any CPU.Build.0 = Release|Any CPU
		{82039704-FDA9-4BFF-A0ED-0FD841A1AB52}.Ad-Hoc|ARM.ActiveCfg = Release|Any CPU
		{82039704-FDA9-4BFF-A0ED-0FD841A1AB52}.Ad-Hoc|ARM.Build.0 = Release|Any CPU
		{82039704-FDA9-4BFF-A0ED-0FD841A1AB52}.Ad-Hoc|iPhone.ActiveCfg = Release|Any CPU
		{82039704-FDA9-4BFF-A0ED-0FD841A1AB52}.Ad-Hoc|iPhone.Build.0 = Release|Any CPU
		{82039704-FDA9-4BFF-A0ED-0FD841A1AB52}.Ad-Hoc|iPhoneSimulator.ActiveCfg = Release|Any CPU
		{82039704-FDA9-4BFF-A0ED-0FD841A1AB52}.Ad-Hoc|iPhoneSimulator.Build.0 = Release|Any CPU
		{82039704-FDA9-4BFF-A0ED-0FD841A1AB52}.Ad-Hoc|x64.ActiveCfg = Release|Any CPU
		{82039704-FDA9-4BFF-A0ED-0FD841A1AB52}.Ad-Hoc|x64.Build.0 = Release|Any CPU
		{82039704-FDA9-4BFF-A0ED-0FD841A1AB52}.Ad-Hoc|x86.ActiveCfg = Release|Any CPU
		{82039704-FDA9-4BFF-A0ED-0FD841A1AB52}.Ad-Hoc|x86.Build.0 = Release|Any CPU
		{82039704-FDA9-4BFF-A0ED-0FD841A1AB52}.AppStore|Any CPU.ActiveCfg = Release|Any CPU
		{82039704-FDA9-4BFF-A0ED-0FD841A1AB52}.AppStore|Any CPU.Build.0 = Release|Any CPU
		{82039704-FDA9-4BFF-A0ED-0FD841A1AB52}.AppStore|ARM.ActiveCfg = Release|Any CPU
		{82039704-FDA9-4BFF-A0ED-0FD841A1AB52}.AppStore|ARM.Build.0 = Release|Any CPU
		{82039704-FDA9-4BFF-A0ED-0FD841A1AB52}.AppStore|iPhone.ActiveCfg = Release|Any CPU
		{82039704-FDA9-4BFF-A0ED-0FD841A1AB52}.AppStore|iPhone.Build.0 = Release|Any CPU
		{82039704-FDA9-4BFF-A0ED-0FD841A1AB52}.AppStore|iPhoneSimulator.ActiveCfg = Release|Any CPU
		{82039704-FDA9-4BFF-A0ED-0FD841A1AB52}.AppStore|iPhoneSimulator.Build.0 = Release|Any CPU
		{82039704-FDA9-4BFF-A0ED-0FD841A1AB52}.AppStore|x64.ActiveCfg = Release|Any CPU
		{82039704-FDA9-4BFF-A0ED-0FD841A1AB52}.AppStore|x64.Build.0 = Release|Any CPU
		{82039704-FDA9-4BFF-A0ED-0FD841A1AB52}.AppStore|x86.ActiveCfg = Release|Any CPU
		{82039704-FDA9-4BFF-A0ED-0FD841A1AB52}.AppStore|x86.Build.0 = Release|Any CPU
		{82039704-FDA9-4BFF-A0ED-0FD841A1AB52}.Debug|Any CPU.ActiveCfg = Debug|Any CPU
		{82039704-FDA9-4BFF-A0ED-0FD841A1AB52}.Debug|Any CPU.Build.0 = Debug|Any CPU
		{82039704-FDA9-4BFF-A0ED-0FD841A1AB52}.Debug|ARM.ActiveCfg = Debug|Any CPU
		{82039704-FDA9-4BFF-A0ED-0FD841A1AB52}.Debug|ARM.Build.0 = Debug|Any CPU
		{82039704-FDA9-4BFF-A0ED-0FD841A1AB52}.Debug|iPhone.ActiveCfg = Debug|Any CPU
		{82039704-FDA9-4BFF-A0ED-0FD841A1AB52}.Debug|iPhone.Build.0 = Debug|Any CPU
		{82039704-FDA9-4BFF-A0ED-0FD841A1AB52}.Debug|iPhoneSimulator.ActiveCfg = Debug|Any CPU
		{82039704-FDA9-4BFF-A0ED-0FD841A1AB52}.Debug|iPhoneSimulator.Build.0 = Debug|Any CPU
		{82039704-FDA9-4BFF-A0ED-0FD841A1AB52}.Debug|x64.ActiveCfg = Debug|Any CPU
		{82039704-FDA9-4BFF-A0ED-0FD841A1AB52}.Debug|x64.Build.0 = Debug|Any CPU
		{82039704-FDA9-4BFF-A0ED-0FD841A1AB52}.Debug|x86.ActiveCfg = Debug|Any CPU
		{82039704-FDA9-4BFF-A0ED-0FD841A1AB52}.Debug|x86.Build.0 = Debug|Any CPU
		{82039704-FDA9-4BFF-A0ED-0FD841A1AB52}.Release|Any CPU.ActiveCfg = Release|Any CPU
		{82039704-FDA9-4BFF-A0ED-0FD841A1AB52}.Release|Any CPU.Build.0 = Release|Any CPU
		{82039704-FDA9-4BFF-A0ED-0FD841A1AB52}.Release|ARM.ActiveCfg = Release|Any CPU
		{82039704-FDA9-4BFF-A0ED-0FD841A1AB52}.Release|ARM.Build.0 = Release|Any CPU
		{82039704-FDA9-4BFF-A0ED-0FD841A1AB52}.Release|iPhone.ActiveCfg = Release|Any CPU
		{82039704-FDA9-4BFF-A0ED-0FD841A1AB52}.Release|iPhone.Build.0 = Release|Any CPU
		{82039704-FDA9-4BFF-A0ED-0FD841A1AB52}.Release|iPhoneSimulator.ActiveCfg = Release|Any CPU
		{82039704-FDA9-4BFF-A0ED-0FD841A1AB52}.Release|iPhoneSimulator.Build.0 = Release|Any CPU
		{82039704-FDA9-4BFF-A0ED-0FD841A1AB52}.Release|x64.ActiveCfg = Release|Any CPU
		{82039704-FDA9-4BFF-A0ED-0FD841A1AB52}.Release|x64.Build.0 = Release|Any CPU
		{82039704-FDA9-4BFF-A0ED-0FD841A1AB52}.Release|x86.ActiveCfg = Release|Any CPU
		{82039704-FDA9-4BFF-A0ED-0FD841A1AB52}.Release|x86.Build.0 = Release|Any CPU
		{CF6B0541-17AF-4FAA-BB46-6D6A715F725F}.Ad-Hoc|Any CPU.ActiveCfg = Release|Any CPU
		{CF6B0541-17AF-4FAA-BB46-6D6A715F725F}.Ad-Hoc|Any CPU.Build.0 = Release|Any CPU
		{CF6B0541-17AF-4FAA-BB46-6D6A715F725F}.Ad-Hoc|ARM.ActiveCfg = Release|Any CPU
		{CF6B0541-17AF-4FAA-BB46-6D6A715F725F}.Ad-Hoc|ARM.Build.0 = Release|Any CPU
		{CF6B0541-17AF-4FAA-BB46-6D6A715F725F}.Ad-Hoc|iPhone.ActiveCfg = Release|Any CPU
		{CF6B0541-17AF-4FAA-BB46-6D6A715F725F}.Ad-Hoc|iPhone.Build.0 = Release|Any CPU
		{CF6B0541-17AF-4FAA-BB46-6D6A715F725F}.Ad-Hoc|iPhoneSimulator.ActiveCfg = Release|Any CPU
		{CF6B0541-17AF-4FAA-BB46-6D6A715F725F}.Ad-Hoc|iPhoneSimulator.Build.0 = Release|Any CPU
		{CF6B0541-17AF-4FAA-BB46-6D6A715F725F}.Ad-Hoc|x64.ActiveCfg = Release|Any CPU
		{CF6B0541-17AF-4FAA-BB46-6D6A715F725F}.Ad-Hoc|x64.Build.0 = Release|Any CPU
		{CF6B0541-17AF-4FAA-BB46-6D6A715F725F}.Ad-Hoc|x86.ActiveCfg = Release|Any CPU
		{CF6B0541-17AF-4FAA-BB46-6D6A715F725F}.Ad-Hoc|x86.Build.0 = Release|Any CPU
		{CF6B0541-17AF-4FAA-BB46-6D6A715F725F}.AppStore|Any CPU.ActiveCfg = Release|Any CPU
		{CF6B0541-17AF-4FAA-BB46-6D6A715F725F}.AppStore|Any CPU.Build.0 = Release|Any CPU
		{CF6B0541-17AF-4FAA-BB46-6D6A715F725F}.AppStore|ARM.ActiveCfg = Release|Any CPU
		{CF6B0541-17AF-4FAA-BB46-6D6A715F725F}.AppStore|ARM.Build.0 = Release|Any CPU
		{CF6B0541-17AF-4FAA-BB46-6D6A715F725F}.AppStore|iPhone.ActiveCfg = Release|Any CPU
		{CF6B0541-17AF-4FAA-BB46-6D6A715F725F}.AppStore|iPhone.Build.0 = Release|Any CPU
		{CF6B0541-17AF-4FAA-BB46-6D6A715F725F}.AppStore|iPhoneSimulator.ActiveCfg = Release|Any CPU
		{CF6B0541-17AF-4FAA-BB46-6D6A715F725F}.AppStore|iPhoneSimulator.Build.0 = Release|Any CPU
		{CF6B0541-17AF-4FAA-BB46-6D6A715F725F}.AppStore|x64.ActiveCfg = Release|Any CPU
		{CF6B0541-17AF-4FAA-BB46-6D6A715F725F}.AppStore|x64.Build.0 = Release|Any CPU
		{CF6B0541-17AF-4FAA-BB46-6D6A715F725F}.AppStore|x86.ActiveCfg = Release|Any CPU
		{CF6B0541-17AF-4FAA-BB46-6D6A715F725F}.AppStore|x86.Build.0 = Release|Any CPU
		{CF6B0541-17AF-4FAA-BB46-6D6A715F725F}.Debug|Any CPU.ActiveCfg = Debug|Any CPU
		{CF6B0541-17AF-4FAA-BB46-6D6A715F725F}.Debug|Any CPU.Build.0 = Debug|Any CPU
		{CF6B0541-17AF-4FAA-BB46-6D6A715F725F}.Debug|ARM.ActiveCfg = Debug|Any CPU
		{CF6B0541-17AF-4FAA-BB46-6D6A715F725F}.Debug|ARM.Build.0 = Debug|Any CPU
		{CF6B0541-17AF-4FAA-BB46-6D6A715F725F}.Debug|iPhone.ActiveCfg = Debug|Any CPU
		{CF6B0541-17AF-4FAA-BB46-6D6A715F725F}.Debug|iPhone.Build.0 = Debug|Any CPU
		{CF6B0541-17AF-4FAA-BB46-6D6A715F725F}.Debug|iPhoneSimulator.ActiveCfg = Debug|Any CPU
		{CF6B0541-17AF-4FAA-BB46-6D6A715F725F}.Debug|iPhoneSimulator.Build.0 = Debug|Any CPU
		{CF6B0541-17AF-4FAA-BB46-6D6A715F725F}.Debug|x64.ActiveCfg = Debug|Any CPU
		{CF6B0541-17AF-4FAA-BB46-6D6A715F725F}.Debug|x64.Build.0 = Debug|Any CPU
		{CF6B0541-17AF-4FAA-BB46-6D6A715F725F}.Debug|x86.ActiveCfg = Debug|Any CPU
		{CF6B0541-17AF-4FAA-BB46-6D6A715F725F}.Debug|x86.Build.0 = Debug|Any CPU
		{CF6B0541-17AF-4FAA-BB46-6D6A715F725F}.Release|Any CPU.ActiveCfg = Release|Any CPU
		{CF6B0541-17AF-4FAA-BB46-6D6A715F725F}.Release|Any CPU.Build.0 = Release|Any CPU
		{CF6B0541-17AF-4FAA-BB46-6D6A715F725F}.Release|ARM.ActiveCfg = Release|Any CPU
		{CF6B0541-17AF-4FAA-BB46-6D6A715F725F}.Release|ARM.Build.0 = Release|Any CPU
		{CF6B0541-17AF-4FAA-BB46-6D6A715F725F}.Release|iPhone.ActiveCfg = Release|Any CPU
		{CF6B0541-17AF-4FAA-BB46-6D6A715F725F}.Release|iPhone.Build.0 = Release|Any CPU
		{CF6B0541-17AF-4FAA-BB46-6D6A715F725F}.Release|iPhoneSimulator.ActiveCfg = Release|Any CPU
		{CF6B0541-17AF-4FAA-BB46-6D6A715F725F}.Release|iPhoneSimulator.Build.0 = Release|Any CPU
		{CF6B0541-17AF-4FAA-BB46-6D6A715F725F}.Release|x64.ActiveCfg = Release|Any CPU
		{CF6B0541-17AF-4FAA-BB46-6D6A715F725F}.Release|x64.Build.0 = Release|Any CPU
		{CF6B0541-17AF-4FAA-BB46-6D6A715F725F}.Release|x86.ActiveCfg = Release|Any CPU
		{CF6B0541-17AF-4FAA-BB46-6D6A715F725F}.Release|x86.Build.0 = Release|Any CPU
		{2CB6E00C-B477-45A4-A455-8BE9A3B0AD49}.Ad-Hoc|Any CPU.ActiveCfg = Release|Any CPU
		{2CB6E00C-B477-45A4-A455-8BE9A3B0AD49}.Ad-Hoc|Any CPU.Build.0 = Release|Any CPU
		{2CB6E00C-B477-45A4-A455-8BE9A3B0AD49}.Ad-Hoc|ARM.ActiveCfg = Release|Any CPU
		{2CB6E00C-B477-45A4-A455-8BE9A3B0AD49}.Ad-Hoc|ARM.Build.0 = Release|Any CPU
		{2CB6E00C-B477-45A4-A455-8BE9A3B0AD49}.Ad-Hoc|iPhone.ActiveCfg = Release|Any CPU
		{2CB6E00C-B477-45A4-A455-8BE9A3B0AD49}.Ad-Hoc|iPhone.Build.0 = Release|Any CPU
		{2CB6E00C-B477-45A4-A455-8BE9A3B0AD49}.Ad-Hoc|iPhoneSimulator.ActiveCfg = Release|Any CPU
		{2CB6E00C-B477-45A4-A455-8BE9A3B0AD49}.Ad-Hoc|iPhoneSimulator.Build.0 = Release|Any CPU
		{2CB6E00C-B477-45A4-A455-8BE9A3B0AD49}.Ad-Hoc|x64.ActiveCfg = Release|Any CPU
		{2CB6E00C-B477-45A4-A455-8BE9A3B0AD49}.Ad-Hoc|x64.Build.0 = Release|Any CPU
		{2CB6E00C-B477-45A4-A455-8BE9A3B0AD49}.Ad-Hoc|x86.ActiveCfg = Release|Any CPU
		{2CB6E00C-B477-45A4-A455-8BE9A3B0AD49}.Ad-Hoc|x86.Build.0 = Release|Any CPU
		{2CB6E00C-B477-45A4-A455-8BE9A3B0AD49}.AppStore|Any CPU.ActiveCfg = Release|Any CPU
		{2CB6E00C-B477-45A4-A455-8BE9A3B0AD49}.AppStore|Any CPU.Build.0 = Release|Any CPU
		{2CB6E00C-B477-45A4-A455-8BE9A3B0AD49}.AppStore|ARM.ActiveCfg = Release|Any CPU
		{2CB6E00C-B477-45A4-A455-8BE9A3B0AD49}.AppStore|ARM.Build.0 = Release|Any CPU
		{2CB6E00C-B477-45A4-A455-8BE9A3B0AD49}.AppStore|iPhone.ActiveCfg = Release|Any CPU
		{2CB6E00C-B477-45A4-A455-8BE9A3B0AD49}.AppStore|iPhone.Build.0 = Release|Any CPU
		{2CB6E00C-B477-45A4-A455-8BE9A3B0AD49}.AppStore|iPhoneSimulator.ActiveCfg = Release|Any CPU
		{2CB6E00C-B477-45A4-A455-8BE9A3B0AD49}.AppStore|iPhoneSimulator.Build.0 = Release|Any CPU
		{2CB6E00C-B477-45A4-A455-8BE9A3B0AD49}.AppStore|x64.ActiveCfg = Release|Any CPU
		{2CB6E00C-B477-45A4-A455-8BE9A3B0AD49}.AppStore|x64.Build.0 = Release|Any CPU
		{2CB6E00C-B477-45A4-A455-8BE9A3B0AD49}.AppStore|x86.ActiveCfg = Release|Any CPU
		{2CB6E00C-B477-45A4-A455-8BE9A3B0AD49}.AppStore|x86.Build.0 = Release|Any CPU
		{2CB6E00C-B477-45A4-A455-8BE9A3B0AD49}.Debug|Any CPU.ActiveCfg = Debug|Any CPU
		{2CB6E00C-B477-45A4-A455-8BE9A3B0AD49}.Debug|Any CPU.Build.0 = Debug|Any CPU
		{2CB6E00C-B477-45A4-A455-8BE9A3B0AD49}.Debug|ARM.ActiveCfg = Debug|Any CPU
		{2CB6E00C-B477-45A4-A455-8BE9A3B0AD49}.Debug|ARM.Build.0 = Debug|Any CPU
		{2CB6E00C-B477-45A4-A455-8BE9A3B0AD49}.Debug|iPhone.ActiveCfg = Debug|Any CPU
		{2CB6E00C-B477-45A4-A455-8BE9A3B0AD49}.Debug|iPhone.Build.0 = Debug|Any CPU
		{2CB6E00C-B477-45A4-A455-8BE9A3B0AD49}.Debug|iPhoneSimulator.ActiveCfg = Debug|Any CPU
		{2CB6E00C-B477-45A4-A455-8BE9A3B0AD49}.Debug|iPhoneSimulator.Build.0 = Debug|Any CPU
		{2CB6E00C-B477-45A4-A455-8BE9A3B0AD49}.Debug|x64.ActiveCfg = Debug|Any CPU
		{2CB6E00C-B477-45A4-A455-8BE9A3B0AD49}.Debug|x64.Build.0 = Debug|Any CPU
		{2CB6E00C-B477-45A4-A455-8BE9A3B0AD49}.Debug|x86.ActiveCfg = Debug|Any CPU
		{2CB6E00C-B477-45A4-A455-8BE9A3B0AD49}.Debug|x86.Build.0 = Debug|Any CPU
		{2CB6E00C-B477-45A4-A455-8BE9A3B0AD49}.Release|Any CPU.ActiveCfg = Release|Any CPU
		{2CB6E00C-B477-45A4-A455-8BE9A3B0AD49}.Release|Any CPU.Build.0 = Release|Any CPU
		{2CB6E00C-B477-45A4-A455-8BE9A3B0AD49}.Release|ARM.ActiveCfg = Release|Any CPU
		{2CB6E00C-B477-45A4-A455-8BE9A3B0AD49}.Release|ARM.Build.0 = Release|Any CPU
		{2CB6E00C-B477-45A4-A455-8BE9A3B0AD49}.Release|iPhone.ActiveCfg = Release|Any CPU
		{2CB6E00C-B477-45A4-A455-8BE9A3B0AD49}.Release|iPhone.Build.0 = Release|Any CPU
		{2CB6E00C-B477-45A4-A455-8BE9A3B0AD49}.Release|iPhoneSimulator.ActiveCfg = Release|Any CPU
		{2CB6E00C-B477-45A4-A455-8BE9A3B0AD49}.Release|iPhoneSimulator.Build.0 = Release|Any CPU
		{2CB6E00C-B477-45A4-A455-8BE9A3B0AD49}.Release|x64.ActiveCfg = Release|Any CPU
		{2CB6E00C-B477-45A4-A455-8BE9A3B0AD49}.Release|x64.Build.0 = Release|Any CPU
		{2CB6E00C-B477-45A4-A455-8BE9A3B0AD49}.Release|x86.ActiveCfg = Release|Any CPU
		{2CB6E00C-B477-45A4-A455-8BE9A3B0AD49}.Release|x86.Build.0 = Release|Any CPU
	EndGlobalSection
	GlobalSection(SolutionProperties) = preSolution
		HideSolutionNode = FALSE
	EndGlobalSection
EndGlobal
